lockfileVersion: 5.4

specifiers:
  '@vitejs/plugin-vue': ^3.2.0
  element-plus: ^2.2.26
  typescript: ^4.6.4
  vite: ^3.2.3
  vue: ^3.2.41
  vue-tsc: ^1.0.9

dependencies:
  element-plus: registry.npmmirror.com/element-plus/2.2.26_vue@3.2.45
  vue: registry.npmmirror.com/vue/3.2.45

devDependencies:
  '@vitejs/plugin-vue': registry.npmmirror.com/@vitejs/plugin-vue/3.2.0_vite@3.2.4+vue@3.2.45
  typescript: registry.npmmirror.com/typescript/4.9.3
  vite: registry.npmmirror.com/vite/3.2.4
  vue-tsc: registry.npmmirror.com/vue-tsc/1.0.10_typescript@4.9.3

packages:

  registry.npmmirror.com/@babel/helper-string-parser/7.19.4:
    resolution: {integrity: sha512-nHtDoQcuqFmwYNYPz3Rah5ph2p8PFeFCsZk9A/48dPc/rGocJ5J3hAAZ7pb76VWX3fZKu+uEr/FhH5jLx7umrw==, registry: http://registry.npm.taobao.org/, tarball: https://registry.npmmirror.com/@babel/helper-string-parser/-/helper-string-parser-7.19.4.tgz}
    name: '@babel/helper-string-parser'
    version: 7.19.4
    engines: {node: '>=6.9.0'}

  registry.npmmirror.com/@babel/helper-validator-identifier/7.19.1:
    resolution: {integrity: sha512-awrNfaMtnHUr653GgGEs++LlAvW6w+DcPrOliSMXWCKo597CwL5Acf/wWdNkf/tfEQE3mjkeD1YOVZOUV/od1w==, registry: http://registry.npm.taobao.org/, tarball: https://registry.npmmirror.com/@babel/helper-validator-identifier/-/helper-validator-identifier-7.19.1.tgz}
    name: '@babel/helper-validator-identifier'
    version: 7.19.1
    engines: {node: '>=6.9.0'}

  registry.npmmirror.com/@babel/parser/7.20.5:
    resolution: {integrity: sha512-r27t/cy/m9uKLXQNWWebeCUHgnAZq0CpG1OwKRxzJMP1vpSU4bSIK2hq+/cp0bQxetkXx38n09rNu8jVkcK/zA==, registry: http://registry.npm.taobao.org/, tarball: https://registry.npmmirror.com/@babel/parser/-/parser-7.20.5.tgz}
    name: '@babel/parser'
    version: 7.20.5
    engines: {node: '>=6.0.0'}
    hasBin: true
    dependencies:
      '@babel/types': registry.npmmirror.com/@babel/types/7.20.5

  registry.npmmirror.com/@babel/types/7.20.5:
    resolution: {integrity: sha512-c9fst/h2/dcF7H+MJKZ2T0KjEQ8hY/BNnDk/H3XY8C4Aw/eWQXWn/lWntHF9ooUBnGmEvbfGrTgLWc+um0YDUg==, registry: http://registry.npm.taobao.org/, tarball: https://registry.npmmirror.com/@babel/types/-/types-7.20.5.tgz}
    name: '@babel/types'
    version: 7.20.5
    engines: {node: '>=6.9.0'}
    dependencies:
      '@babel/helper-string-parser': registry.npmmirror.com/@babel/helper-string-parser/7.19.4
      '@babel/helper-validator-identifier': registry.npmmirror.com/@babel/helper-validator-identifier/7.19.1
      to-fast-properties: registry.npmmirror.com/to-fast-properties/2.0.0

  registry.npmmirror.com/@ctrl/tinycolor/3.4.1:
    resolution: {integrity: sha512-ej5oVy6lykXsvieQtqZxCOaLT+xD4+QNarq78cIYISHmZXshCvROLudpQN3lfL8G0NL7plMSSK+zlyvCaIJ4Iw==, registry: http://registry.npm.taobao.org/, tarball: https://registry.npmmirror.com/@ctrl/tinycolor/-/tinycolor-3.4.1.tgz}
    name: '@ctrl/tinycolor'
    version: 3.4.1
    engines: {node: '>=10'}
    dev: false

  registry.npmmirror.com/@element-plus/icons-vue/2.0.10_vue@3.2.45:
    resolution: {integrity: sha512-ygEZ1mwPjcPo/OulhzLE7mtDrQBWI8vZzEWSNB2W/RNCRjoQGwbaK4N8lV4rid7Ts4qvySU3njMN7YCiSlSaTQ==, registry: http://registry.npm.taobao.org/, tarball: https://registry.npmmirror.com/@element-plus/icons-vue/-/icons-vue-2.0.10.tgz}
    id: registry.npmmirror.com/@element-plus/icons-vue/2.0.10
    name: '@element-plus/icons-vue'
    version: 2.0.10
    peerDependencies:
      vue: ^3.2.0
    dependencies:
      vue: registry.npmmirror.com/vue/3.2.45
    dev: false

  registry.npmmirror.com/@esbuild/android-arm/0.15.16:
    resolution: {integrity: sha512-nyB6CH++2mSgx3GbnrJsZSxzne5K0HMyNIWafDHqYy7IwxFc4fd/CgHVZXr8Eh+Q3KbIAcAe3vGyqIPhGblvMQ==, registry: http://registry.npm.taobao.org/, tarball: https://registry.npmmirror.com/@esbuild/android-arm/-/android-arm-0.15.16.tgz}
    name: '@esbuild/android-arm'
    version: 0.15.16
    engines: {node: '>=12'}
    cpu: [arm]
    os: [android]
    requiresBuild: true
    dev: true
    optional: true

  registry.npmmirror.com/@esbuild/linux-loong64/0.15.16:
    resolution: {integrity: sha512-SDLfP1uoB0HZ14CdVYgagllgrG7Mdxhkt4jDJOKl/MldKrkQ6vDJMZKl2+5XsEY/Lzz37fjgLQoJBGuAw/x8kQ==, registry: http://registry.npm.taobao.org/, tarball: https://registry.npmmirror.com/@esbuild/linux-loong64/-/linux-loong64-0.15.16.tgz}
    name: '@esbuild/linux-loong64'
    version: 0.15.16
    engines: {node: '>=12'}
    cpu: [loong64]
    os: [linux]
    requiresBuild: true
    dev: true
    optional: true

  registry.npmmirror.com/@floating-ui/core/1.0.2:
    resolution: {integrity: sha512-Skfy0YS3NJ5nV9us0uuPN0HDk1Q4edljaOhRBJGDWs9EBa7ZVMYBHRFlhLvvmwEoaIM9BlH6QJFn9/uZg0bACg==, registry: http://registry.npm.taobao.org/, tarball: https://registry.npmmirror.com/@floating-ui/core/-/core-1.0.2.tgz}
    name: '@floating-ui/core'
    version: 1.0.2
    dev: false

  registry.npmmirror.com/@floating-ui/dom/1.0.7:
    resolution: {integrity: sha512-6RsqvCYe0AYWtsGvuWqCm7mZytnXAZCjWtsWu1Kg8dI3INvj/DbKlDsZO+mKSaQdPT12uxIW9W2dAWJkPx4Y5g==, registry: http://registry.npm.taobao.org/, tarball: https://registry.npmmirror.com/@floating-ui/dom/-/dom-1.0.7.tgz}
    name: '@floating-ui/dom'
    version: 1.0.7
    dependencies:
      '@floating-ui/core': registry.npmmirror.com/@floating-ui/core/1.0.2
    dev: false

  registry.npmmirror.com/@sxzz/popperjs-es/2.11.7:
    resolution: {integrity: sha512-Ccy0NlLkzr0Ex2FKvh2X+OyERHXJ88XJ1MXtsI9y9fGexlaXaVTPzBCRBwIxFkORuOb+uBqeu+RqnpgYTEZRUQ==, registry: http://registry.npm.taobao.org/, tarball: https://registry.npmmirror.com/@sxzz/popperjs-es/-/popperjs-es-2.11.7.tgz}
    name: '@sxzz/popperjs-es'
    version: 2.11.7
    dev: false

  registry.npmmirror.com/@types/lodash-es/4.17.6:
    resolution: {integrity: sha512-R+zTeVUKDdfoRxpAryaQNRKk3105Rrgx2CFRClIgRGaqDTdjsm8h6IYA8ir584W3ePzkZfst5xIgDwYrlh9HLg==, registry: http://registry.npm.taobao.org/, tarball: https://registry.npmmirror.com/@types/lodash-es/-/lodash-es-4.17.6.tgz}
    name: '@types/lodash-es'
    version: 4.17.6
    dependencies:
      '@types/lodash': registry.npmmirror.com/@types/lodash/4.14.191
    dev: false

  registry.npmmirror.com/@types/lodash/4.14.191:
    resolution: {integrity: sha512-BdZ5BCCvho3EIXw6wUCXHe7rS53AIDPLE+JzwgT+OsJk53oBfbSmZZ7CX4VaRoN78N+TJpFi9QPlfIVNmJYWxQ==, registry: http://registry.npm.taobao.org/, tarball: https://registry.npmmirror.com/@types/lodash/-/lodash-4.14.191.tgz}
    name: '@types/lodash'
    version: 4.14.191
    dev: false

  registry.npmmirror.com/@types/web-bluetooth/0.0.16:
    resolution: {integrity: sha512-oh8q2Zc32S6gd/j50GowEjKLoOVOwHP/bWVjKJInBwQqdOYMdPrf1oVlelTlyfFK3CKxL1uahMDAr+vy8T7yMQ==, registry: http://registry.npm.taobao.org/, tarball: https://registry.npmmirror.com/@types/web-bluetooth/-/web-bluetooth-0.0.16.tgz}
    name: '@types/web-bluetooth'
    version: 0.0.16
    dev: false

  registry.npmmirror.com/@vitejs/plugin-vue/3.2.0_vite@3.2.4+vue@3.2.45:
    resolution: {integrity: sha512-E0tnaL4fr+qkdCNxJ+Xd0yM31UwMkQje76fsDVBBUCoGOUPexu2VDUYHL8P4CwV+zMvWw6nlRw19OnRKmYAJpw==, registry: http://registry.npm.taobao.org/, tarball: https://registry.npmmirror.com/@vitejs/plugin-vue/-/plugin-vue-3.2.0.tgz}
    id: registry.npmmirror.com/@vitejs/plugin-vue/3.2.0
    name: '@vitejs/plugin-vue'
    version: 3.2.0
    engines: {node: ^14.18.0 || >=16.0.0}
    peerDependencies:
      vite: ^3.0.0
      vue: ^3.2.25
    dependencies:
      vite: registry.npmmirror.com/vite/3.2.4
      vue: registry.npmmirror.com/vue/3.2.45
    dev: true

  registry.npmmirror.com/@volar/language-core/1.0.10:
    resolution: {integrity: sha512-7WNzjvdUXjggEZvYu9EInABl4mvXtyiiaJDOJM+plHJT7xW5voLja0BrYYji6TUn8Q4HakLvTPpQddPLq134mg==, registry: http://registry.npm.taobao.org/, tarball: https://registry.npmmirror.com/@volar/language-core/-/language-core-1.0.10.tgz}
    name: '@volar/language-core'
    version: 1.0.10
    dependencies:
      '@volar/source-map': registry.npmmirror.com/@volar/source-map/1.0.10
      '@vue/reactivity': registry.npmmirror.com/@vue/reactivity/3.2.45
      muggle-string: registry.npmmirror.com/muggle-string/0.1.0
    dev: true

  registry.npmmirror.com/@volar/source-map/1.0.10:
    resolution: {integrity: sha512-jSZW1tfsvAOHlpoRy14zH9sdCYR4g8QcnCXRli8juFC2UHoVzVRKB6VdnXcx5wRAlIRXoiBpsU+pKminryKEBw==, registry: http://registry.npm.taobao.org/, tarball: https://registry.npmmirror.com/@volar/source-map/-/source-map-1.0.10.tgz}
    name: '@volar/source-map'
    version: 1.0.10
    dependencies:
      muggle-string: registry.npmmirror.com/muggle-string/0.1.0
    dev: true

  registry.npmmirror.com/@volar/typescript/1.0.10:
    resolution: {integrity: sha512-Nd+u2Z2P1V+KiNBMLLK6wV4sswOOYBsjEHmgK29eENXtos1+gF2GWB908vvwmT75dmCtlYZ8No14lvCqXUAVdg==, registry: http://registry.npm.taobao.org/, tarball: https://registry.npmmirror.com/@volar/typescript/-/typescript-1.0.10.tgz}
    name: '@volar/typescript'
    version: 1.0.10
    dependencies:
      '@volar/language-core': registry.npmmirror.com/@volar/language-core/1.0.10
    dev: true

  registry.npmmirror.com/@volar/vue-language-core/1.0.10:
    resolution: {integrity: sha512-m7pYXGwkpF9Bmuud73kGlAX31QUTwifYbgCenaqm3hGNh+SJebSkxzk4NJvabiGbA6ON3b5ayQZ/rbOEtdoghw==, registry: http://registry.npm.taobao.org/, tarball: https://registry.npmmirror.com/@volar/vue-language-core/-/vue-language-core-1.0.10.tgz}
    name: '@volar/vue-language-core'
    version: 1.0.10
    dependencies:
      '@volar/language-core': registry.npmmirror.com/@volar/language-core/1.0.10
      '@volar/source-map': registry.npmmirror.com/@volar/source-map/1.0.10
      '@vue/compiler-dom': registry.npmmirror.com/@vue/compiler-dom/3.2.45
      '@vue/compiler-sfc': registry.npmmirror.com/@vue/compiler-sfc/3.2.45
      '@vue/reactivity': registry.npmmirror.com/@vue/reactivity/3.2.45
      '@vue/shared': registry.npmmirror.com/@vue/shared/3.2.45
      minimatch: registry.npmmirror.com/minimatch/5.1.1
      vue-template-compiler: registry.npmmirror.com/vue-template-compiler/2.7.14
    dev: true

  registry.npmmirror.com/@volar/vue-typescript/1.0.10:
    resolution: {integrity: sha512-GjQ+mfIUljXGfkTmNrfNT8YYQY48mcOE5SJ190o6ENArzH9cqjmvPLo1nrdurbZOFwztwEDNye5N1/5aL9sZ1g==, registry: http://registry.npm.taobao.org/, tarball: https://registry.npmmirror.com/@volar/vue-typescript/-/vue-typescript-1.0.10.tgz}
    name: '@volar/vue-typescript'
    version: 1.0.10
    dependencies:
      '@volar/typescript': registry.npmmirror.com/@volar/typescript/1.0.10
      '@volar/vue-language-core': registry.npmmirror.com/@volar/vue-language-core/1.0.10
    dev: true

  registry.npmmirror.com/@vue/compiler-core/3.2.45:
    resolution: {integrity: sha512-rcMj7H+PYe5wBV3iYeUgbCglC+pbpN8hBLTJvRiK2eKQiWqu+fG9F+8sW99JdL4LQi7Re178UOxn09puSXvn4A==, registry: http://registry.npm.taobao.org/, tarball: https://registry.npmmirror.com/@vue/compiler-core/-/compiler-core-3.2.45.tgz}
    name: '@vue/compiler-core'
    version: 3.2.45
    dependencies:
      '@babel/parser': registry.npmmirror.com/@babel/parser/7.20.5
      '@vue/shared': registry.npmmirror.com/@vue/shared/3.2.45
      estree-walker: registry.npmmirror.com/estree-walker/2.0.2
      source-map: registry.npmmirror.com/source-map/0.6.1

  registry.npmmirror.com/@vue/compiler-dom/3.2.45:
    resolution: {integrity: sha512-tyYeUEuKqqZO137WrZkpwfPCdiiIeXYCcJ8L4gWz9vqaxzIQRccTSwSWZ/Axx5YR2z+LvpUbmPNXxuBU45lyRw==, registry: http://registry.npm.taobao.org/, tarball: https://registry.npmmirror.com/@vue/compiler-dom/-/compiler-dom-3.2.45.tgz}
    name: '@vue/compiler-dom'
    version: 3.2.45
    dependencies:
      '@vue/compiler-core': registry.npmmirror.com/@vue/compiler-core/3.2.45
      '@vue/shared': registry.npmmirror.com/@vue/shared/3.2.45

  registry.npmmirror.com/@vue/compiler-sfc/3.2.45:
    resolution: {integrity: sha512-1jXDuWah1ggsnSAOGsec8cFjT/K6TMZ0sPL3o3d84Ft2AYZi2jWJgRMjw4iaK0rBfA89L5gw427H4n1RZQBu6Q==, registry: http://registry.npm.taobao.org/, tarball: https://registry.npmmirror.com/@vue/compiler-sfc/-/compiler-sfc-3.2.45.tgz}
    name: '@vue/compiler-sfc'
    version: 3.2.45
    dependencies:
      '@babel/parser': registry.npmmirror.com/@babel/parser/7.20.5
      '@vue/compiler-core': registry.npmmirror.com/@vue/compiler-core/3.2.45
      '@vue/compiler-dom': registry.npmmirror.com/@vue/compiler-dom/3.2.45
      '@vue/compiler-ssr': registry.npmmirror.com/@vue/compiler-ssr/3.2.45
      '@vue/reactivity-transform': registry.npmmirror.com/@vue/reactivity-transform/3.2.45
      '@vue/shared': registry.npmmirror.com/@vue/shared/3.2.45
      estree-walker: registry.npmmirror.com/estree-walker/2.0.2
      magic-string: registry.npmmirror.com/magic-string/0.25.9
      postcss: registry.npmmirror.com/postcss/8.4.19
      source-map: registry.npmmirror.com/source-map/0.6.1

  registry.npmmirror.com/@vue/compiler-ssr/3.2.45:
    resolution: {integrity: sha512-6BRaggEGqhWht3lt24CrIbQSRD5O07MTmd+LjAn5fJj568+R9eUD2F7wMQJjX859seSlrYog7sUtrZSd7feqrQ==, registry: http://registry.npm.taobao.org/, tarball: https://registry.npmmirror.com/@vue/compiler-ssr/-/compiler-ssr-3.2.45.tgz}
    name: '@vue/compiler-ssr'
    version: 3.2.45
    dependencies:
      '@vue/compiler-dom': registry.npmmirror.com/@vue/compiler-dom/3.2.45
      '@vue/shared': registry.npmmirror.com/@vue/shared/3.2.45

  registry.npmmirror.com/@vue/reactivity-transform/3.2.45:
    resolution: {integrity: sha512-BHVmzYAvM7vcU5WmuYqXpwaBHjsS8T63jlKGWVtHxAHIoMIlmaMyurUSEs1Zcg46M4AYT5MtB1U274/2aNzjJQ==, registry: http://registry.npm.taobao.org/, tarball: https://registry.npmmirror.com/@vue/reactivity-transform/-/reactivity-transform-3.2.45.tgz}
    name: '@vue/reactivity-transform'
    version: 3.2.45
    dependencies:
      '@babel/parser': registry.npmmirror.com/@babel/parser/7.20.5
      '@vue/compiler-core': registry.npmmirror.com/@vue/compiler-core/3.2.45
      '@vue/shared': registry.npmmirror.com/@vue/shared/3.2.45
      estree-walker: registry.npmmirror.com/estree-walker/2.0.2
      magic-string: registry.npmmirror.com/magic-string/0.25.9

  registry.npmmirror.com/@vue/reactivity/3.2.45:
    resolution: {integrity: sha512-PRvhCcQcyEVohW0P8iQ7HDcIOXRjZfAsOds3N99X/Dzewy8TVhTCT4uXpAHfoKjVTJRA0O0K+6QNkDIZAxNi3A==, registry: http://registry.npm.taobao.org/, tarball: https://registry.npmmirror.com/@vue/reactivity/-/reactivity-3.2.45.tgz}
    name: '@vue/reactivity'
    version: 3.2.45
    dependencies:
      '@vue/shared': registry.npmmirror.com/@vue/shared/3.2.45

  registry.npmmirror.com/@vue/runtime-core/3.2.45:
    resolution: {integrity: sha512-gzJiTA3f74cgARptqzYswmoQx0fIA+gGYBfokYVhF8YSXjWTUA2SngRzZRku2HbGbjzB6LBYSbKGIaK8IW+s0A==, registry: http://registry.npm.taobao.org/, tarball: https://registry.npmmirror.com/@vue/runtime-core/-/runtime-core-3.2.45.tgz}
    name: '@vue/runtime-core'
    version: 3.2.45
    dependencies:
      '@vue/reactivity': registry.npmmirror.com/@vue/reactivity/3.2.45
      '@vue/shared': registry.npmmirror.com/@vue/shared/3.2.45

  registry.npmmirror.com/@vue/runtime-dom/3.2.45:
    resolution: {integrity: sha512-cy88YpfP5Ue2bDBbj75Cb4bIEZUMM/mAkDMfqDTpUYVgTf/kuQ2VQ8LebuZ8k6EudgH8pYhsGWHlY0lcxlvTwA==, registry: http://registry.npm.taobao.org/, tarball: https://registry.npmmirror.com/@vue/runtime-dom/-/runtime-dom-3.2.45.tgz}
    name: '@vue/runtime-dom'
    version: 3.2.45
    dependencies:
      '@vue/runtime-core': registry.npmmirror.com/@vue/runtime-core/3.2.45
      '@vue/shared': registry.npmmirror.com/@vue/shared/3.2.45
      csstype: registry.npmmirror.com/csstype/2.6.21

  registry.npmmirror.com/@vue/server-renderer/3.2.45_vue@3.2.45:
    resolution: {integrity: sha512-ebiMq7q24WBU1D6uhPK//2OTR1iRIyxjF5iVq/1a5I1SDMDyDu4Ts6fJaMnjrvD3MqnaiFkKQj+LKAgz5WIK3g==, registry: http://registry.npm.taobao.org/, tarball: https://registry.npmmirror.com/@vue/server-renderer/-/server-renderer-3.2.45.tgz}
    id: registry.npmmirror.com/@vue/server-renderer/3.2.45
    name: '@vue/server-renderer'
    version: 3.2.45
    peerDependencies:
      vue: 3.2.45
    dependencies:
      '@vue/compiler-ssr': registry.npmmirror.com/@vue/compiler-ssr/3.2.45
      '@vue/shared': registry.npmmirror.com/@vue/shared/3.2.45
      vue: registry.npmmirror.com/vue/3.2.45

  registry.npmmirror.com/@vue/shared/3.2.45:
    resolution: {integrity: sha512-Ewzq5Yhimg7pSztDV+RH1UDKBzmtqieXQlpTVm2AwraoRL/Rks96mvd8Vgi7Lj+h+TH8dv7mXD3FRZR3TUvbSg==, registry: http://registry.npm.taobao.org/, tarball: https://registry.npmmirror.com/@vue/shared/-/shared-3.2.45.tgz}
    name: '@vue/shared'
    version: 3.2.45

  registry.npmmirror.com/@vueuse/core/9.6.0_vue@3.2.45:
    resolution: {integrity: sha512-qGUcjKQXHgN+jqXEgpeZGoxdCbIDCdVPz3QiF1uyecVGbMuM63o96I1GjYx5zskKgRI0FKSNsVWM7rwrRMTf6A==, registry: http://registry.npm.taobao.org/, tarball: https://registry.npmmirror.com/@vueuse/core/-/core-9.6.0.tgz}
    id: registry.npmmirror.com/@vueuse/core/9.6.0
    name: '@vueuse/core'
    version: 9.6.0
    dependencies:
      '@types/web-bluetooth': registry.npmmirror.com/@types/web-bluetooth/0.0.16
      '@vueuse/metadata': registry.npmmirror.com/@vueuse/metadata/9.6.0
      '@vueuse/shared': registry.npmmirror.com/@vueuse/shared/9.6.0_vue@3.2.45
      vue-demi: registry.npmmirror.com/vue-demi/0.13.11_vue@3.2.45
    transitivePeerDependencies:
      - '@vue/composition-api'
      - vue
    dev: false

  registry.npmmirror.com/@vueuse/metadata/9.6.0:
    resolution: {integrity: sha512-sIC8R+kWkIdpi5X2z2Gk8TRYzmczDwHRhEFfCu2P+XW2JdPoXrziqsGpDDsN7ykBx4ilwieS7JUIweVGhvZ93w==, registry: http://registry.npm.taobao.org/, tarball: https://registry.npmmirror.com/@vueuse/metadata/-/metadata-9.6.0.tgz}
    name: '@vueuse/metadata'
    version: 9.6.0
    dev: false

  registry.npmmirror.com/@vueuse/shared/9.6.0_vue@3.2.45:
    resolution: {integrity: sha512-/eDchxYYhkHnFyrb00t90UfjCx94kRHxc7J1GtBCqCG4HyPMX+krV9XJgVtWIsAMaxKVU4fC8NSUviG1JkwhUQ==, registry: http://registry.npm.taobao.org/, tarball: https://registry.npmmirror.com/@vueuse/shared/-/shared-9.6.0.tgz}
    id: registry.npmmirror.com/@vueuse/shared/9.6.0
    name: '@vueuse/shared'
    version: 9.6.0
    dependencies:
      vue-demi: registry.npmmirror.com/vue-demi/0.13.11_vue@3.2.45
    transitivePeerDependencies:
      - '@vue/composition-api'
      - vue
    dev: false

  registry.npmmirror.com/async-validator/4.2.5:
    resolution: {integrity: sha512-7HhHjtERjqlNbZtqNqy2rckN/SpOOlmDliet+lP7k+eKZEjPk3DgyeU9lIXLdeLz0uBbbVp+9Qdow9wJWgwwfg==, registry: http://registry.npm.taobao.org/, tarball: https://registry.npmmirror.com/async-validator/-/async-validator-4.2.5.tgz}
    name: async-validator
    version: 4.2.5
    dev: false

  registry.npmmirror.com/balanced-match/1.0.2:
    resolution: {integrity: sha512-3oSeUO0TMV67hN1AmbXsK4yaqU7tjiHlbxRDZOpH0KW9+CeX4bRAaX0Anxt0tx2MrpRpWwQaPwIlISEJhYU5Pw==, registry: http://registry.npm.taobao.org/, tarball: https://registry.npmmirror.com/balanced-match/-/balanced-match-1.0.2.tgz}
    name: balanced-match
    version: 1.0.2
    dev: true

  registry.npmmirror.com/brace-expansion/2.0.1:
    resolution: {integrity: sha512-XnAIvQ8eM+kC6aULx6wuQiwVsnzsi9d3WxzV3FpWTGA19F621kwdbsAcFKXgKUHZWsy+mY6iL1sHTxWEFCytDA==, registry: http://registry.npm.taobao.org/, tarball: https://registry.npmmirror.com/brace-expansion/-/brace-expansion-2.0.1.tgz}
    name: brace-expansion
    version: 2.0.1
    dependencies:
      balanced-match: registry.npmmirror.com/balanced-match/1.0.2
    dev: true

  registry.npmmirror.com/csstype/2.6.21:
    resolution: {integrity: sha512-Z1PhmomIfypOpoMjRQB70jfvy/wxT50qW08YXO5lMIJkrdq4yOTR+AW7FqutScmB9NkLwxo+jU+kZLbofZZq/w==, registry: http://registry.npm.taobao.org/, tarball: https://registry.npmmirror.com/csstype/-/csstype-2.6.21.tgz}
    name: csstype
    version: 2.6.21

  registry.npmmirror.com/dayjs/1.11.6:
    resolution: {integrity: sha512-zZbY5giJAinCG+7AGaw0wIhNZ6J8AhWuSXKvuc1KAyMiRsvGQWqh4L+MomvhdAYjN+lqvVCMq1I41e3YHvXkyQ==, registry: http://registry.npm.taobao.org/, tarball: https://registry.npmmirror.com/dayjs/-/dayjs-1.11.6.tgz}
    name: dayjs
    version: 1.11.6
    dev: false

  registry.npmmirror.com/de-indent/1.0.2:
    resolution: {integrity: sha512-e/1zu3xH5MQryN2zdVaF0OrdNLUbvWxzMbi+iNA6Bky7l1RoP8a2fIbRocyHclXt/arDrrR6lL3TqFD9pMQTsg==, registry: http://registry.npm.taobao.org/, tarball: https://registry.npmmirror.com/de-indent/-/de-indent-1.0.2.tgz}
    name: de-indent
    version: 1.0.2
    dev: true

  registry.npmmirror.com/element-plus/2.2.26_vue@3.2.45:
    resolution: {integrity: sha512-O/rdY5m9DkclpVg8r3GynyqCunm7MxSR142xSsjrZA77bi7bcwA3SIy6SPEDqHi5R4KqgkGYgKSp4Q4e3irbYg==, registry: http://registry.npm.taobao.org/, tarball: https://registry.npmmirror.com/element-plus/-/element-plus-2.2.26.tgz}
    id: registry.npmmirror.com/element-plus/2.2.26
    name: element-plus
    version: 2.2.26
    peerDependencies:
      vue: ^3.2.0
    dependencies:
      '@ctrl/tinycolor': registry.npmmirror.com/@ctrl/tinycolor/3.4.1
      '@element-plus/icons-vue': registry.npmmirror.com/@element-plus/icons-vue/2.0.10_vue@3.2.45
      '@floating-ui/dom': registry.npmmirror.com/@floating-ui/dom/1.0.7
      '@popperjs/core': registry.npmmirror.com/@sxzz/popperjs-es/2.11.7
      '@types/lodash': registry.npmmirror.com/@types/lodash/4.14.191
      '@types/lodash-es': registry.npmmirror.com/@types/lodash-es/4.17.6
      '@vueuse/core': registry.npmmirror.com/@vueuse/core/9.6.0_vue@3.2.45
      async-validator: registry.npmmirror.com/async-validator/4.2.5
      dayjs: registry.npmmirror.com/dayjs/1.11.6
      escape-html: registry.npmmirror.com/escape-html/1.0.3
      lodash: registry.npmmirror.com/lodash/4.17.21
      lodash-es: registry.npmmirror.com/lodash-es/4.17.21
      lodash-unified: registry.npmmirror.com/lodash-unified/1.0.3_3ib2ivapxullxkx3xftsimdk7u
      memoize-one: registry.npmmirror.com/memoize-one/6.0.0
      normalize-wheel-es: registry.npmmirror.com/normalize-wheel-es/1.2.0
      vue: registry.npmmirror.com/vue/3.2.45
    transitivePeerDependencies:
      - '@vue/composition-api'
    dev: false

  registry.npmmirror.com/esbuild-android-64/0.15.16:
    resolution: {integrity: sha512-Vwkv/sT0zMSgPSVO3Jlt1pUbnZuOgtOQJkJkyyJFAlLe7BiT8e9ESzo0zQSx4c3wW4T6kGChmKDPMbWTgtliQA==, registry: http://registry.npm.taobao.org/, tarball: https://registry.npmmirror.com/esbuild-android-64/-/esbuild-android-64-0.15.16.tgz}
    name: esbuild-android-64
    version: 0.15.16
    engines: {node: '>=12'}
    cpu: [x64]
    os: [android]
    requiresBuild: true
    dev: true
    optional: true

  registry.npmmirror.com/esbuild-android-arm64/0.15.16:
    resolution: {integrity: sha512-lqfKuofMExL5niNV3gnhMUYacSXfsvzTa/58sDlBET/hCOG99Zmeh+lz6kvdgvGOsImeo6J9SW21rFCogNPLxg==, registry: http://registry.npm.taobao.org/, tarball: https://registry.npmmirror.com/esbuild-android-arm64/-/esbuild-android-arm64-0.15.16.tgz}
    name: esbuild-android-arm64
    version: 0.15.16
    engines: {node: '>=12'}
    cpu: [arm64]
    os: [android]
    requiresBuild: true
    dev: true
    optional: true

  registry.npmmirror.com/esbuild-darwin-64/0.15.16:
    resolution: {integrity: sha512-wo2VWk/n/9V2TmqUZ/KpzRjCEcr00n7yahEdmtzlrfQ3lfMCf3Wa+0sqHAbjk3C6CKkR3WKK/whkMq5Gj4Da9g==, registry: http://registry.npm.taobao.org/, tarball: https://registry.npmmirror.com/esbuild-darwin-64/-/esbuild-darwin-64-0.15.16.tgz}
    name: esbuild-darwin-64
    version: 0.15.16
    engines: {node: '>=12'}
    cpu: [x64]
    os: [darwin]
    requiresBuild: true
    dev: true
    optional: true

  registry.npmmirror.com/esbuild-darwin-arm64/0.15.16:
    resolution: {integrity: sha512-fMXaUr5ou0M4WnewBKsspMtX++C1yIa3nJ5R2LSbLCfJT3uFdcRoU/NZjoM4kOMKyOD9Sa/2vlgN8G07K3SJnw==, registry: http://registry.npm.taobao.org/, tarball: https://registry.npmmirror.com/esbuild-darwin-arm64/-/esbuild-darwin-arm64-0.15.16.tgz}
    name: esbuild-darwin-arm64
    version: 0.15.16
    engines: {node: '>=12'}
    cpu: [arm64]
    os: [darwin]
    requiresBuild: true
    dev: true
    optional: true

  registry.npmmirror.com/esbuild-freebsd-64/0.15.16:
    resolution: {integrity: sha512-UzIc0xlRx5x9kRuMr+E3+hlSOxa/aRqfuMfiYBXu2jJ8Mzej4lGL7+o6F5hzhLqWfWm1GWHNakIdlqg1ayaTNQ==, registry: http://registry.npm.taobao.org/, tarball: https://registry.npmmirror.com/esbuild-freebsd-64/-/esbuild-freebsd-64-0.15.16.tgz}
    name: esbuild-freebsd-64
    version: 0.15.16
    engines: {node: '>=12'}
    cpu: [x64]
    os: [freebsd]
    requiresBuild: true
    dev: true
    optional: true

  registry.npmmirror.com/esbuild-freebsd-arm64/0.15.16:
    resolution: {integrity: sha512-8xyiYuGc0DLZphFQIiYaLHlfoP+hAN9RHbE+Ibh8EUcDNHAqbQgUrQg7pE7Bo00rXmQ5Ap6KFgcR0b4ALZls1g==, registry: http://registry.npm.taobao.org/, tarball: https://registry.npmmirror.com/esbuild-freebsd-arm64/-/esbuild-freebsd-arm64-0.15.16.tgz}
    name: esbuild-freebsd-arm64
    version: 0.15.16
    engines: {node: '>=12'}
    cpu: [arm64]
    os: [freebsd]
    requiresBuild: true
    dev: true
    optional: true

  registry.npmmirror.com/esbuild-linux-32/0.15.16:
    resolution: {integrity: sha512-iGijUTV+0kIMyUVoynK0v+32Oi8yyp0xwMzX69GX+5+AniNy/C/AL1MjFTsozRp/3xQPl7jVux/PLe2ds10/2w==, registry: http://registry.npm.taobao.org/, tarball: https://registry.npmmirror.com/esbuild-linux-32/-/esbuild-linux-32-0.15.16.tgz}
    name: esbuild-linux-32
    version: 0.15.16
    engines: {node: '>=12'}
    cpu: [ia32]
    os: [linux]
    requiresBuild: true
    dev: true
    optional: true

  registry.npmmirror.com/esbuild-linux-64/0.15.16:
    resolution: {integrity: sha512-tuSOjXdLw7VzaUj89fIdAaQT7zFGbKBcz4YxbWrOiXkwscYgE7HtTxUavreBbnRkGxKwr9iT/gmeJWNm4djy/g==, registry: http://registry.npm.taobao.org/, tarball: https://registry.npmmirror.com/esbuild-linux-64/-/esbuild-linux-64-0.15.16.tgz}
    name: esbuild-linux-64
    version: 0.15.16
    engines: {node: '>=12'}
    cpu: [x64]
    os: [linux]
    requiresBuild: true
    dev: true
    optional: true

  registry.npmmirror.com/esbuild-linux-arm/0.15.16:
    resolution: {integrity: sha512-XKcrxCEXDTOuoRj5l12tJnkvuxXBMKwEC5j0JISw3ziLf0j4zIwXbKbTmUrKFWbo6ZgvNpa7Y5dnbsjVvH39bQ==, registry: http://registry.npm.taobao.org/, tarball: https://registry.npmmirror.com/esbuild-linux-arm/-/esbuild-linux-arm-0.15.16.tgz}
    name: esbuild-linux-arm
    version: 0.15.16
    engines: {node: '>=12'}
    cpu: [arm]
    os: [linux]
    requiresBuild: true
    dev: true
    optional: true

  registry.npmmirror.com/esbuild-linux-arm64/0.15.16:
    resolution: {integrity: sha512-mPYksnfHnemNrvjrDhZyixL/AfbJN0Xn9S34ZOHYdh6/jJcNd8iTsv3JwJoEvTJqjMggjMhGUPJAdjnFBHoH8A==, registry: http://registry.npm.taobao.org/, tarball: https://registry.npmmirror.com/esbuild-linux-arm64/-/esbuild-linux-arm64-0.15.16.tgz}
    name: esbuild-linux-arm64
    version: 0.15.16
    engines: {node: '>=12'}
    cpu: [arm64]
    os: [linux]
    requiresBuild: true
    dev: true
    optional: true

  registry.npmmirror.com/esbuild-linux-mips64le/0.15.16:
    resolution: {integrity: sha512-kSJO2PXaxfm0pWY39+YX+QtpFqyyrcp0ZeI8QPTrcFVQoWEPiPVtOfTZeS3ZKedfH+Ga38c4DSzmKMQJocQv6A==, registry: http://registry.npm.taobao.org/, tarball: https://registry.npmmirror.com/esbuild-linux-mips64le/-/esbuild-linux-mips64le-0.15.16.tgz}
    name: esbuild-linux-mips64le
    version: 0.15.16
    engines: {node: '>=12'}
    cpu: [mips64el]
    os: [linux]
    requiresBuild: true
    dev: true
    optional: true

  registry.npmmirror.com/esbuild-linux-ppc64le/0.15.16:
    resolution: {integrity: sha512-NimPikwkBY0yGABw6SlhKrtT35sU4O23xkhlrTT/O6lSxv3Pm5iSc6OYaqVAHWkLdVf31bF4UDVFO+D990WpAA==, registry: http://registry.npm.taobao.org/, tarball: https://registry.npmmirror.com/esbuild-linux-ppc64le/-/esbuild-linux-ppc64le-0.15.16.tgz}
    name: esbuild-linux-ppc64le
    version: 0.15.16
    engines: {node: '>=12'}
    cpu: [ppc64]
    os: [linux]
    requiresBuild: true
    dev: true
    optional: true

  registry.npmmirror.com/esbuild-linux-riscv64/0.15.16:
    resolution: {integrity: sha512-ty2YUHZlwFOwp7pR+J87M4CVrXJIf5ZZtU/umpxgVJBXvWjhziSLEQxvl30SYfUPq0nzeWKBGw5i/DieiHeKfw==, registry: http://registry.npm.taobao.org/, tarball: https://registry.npmmirror.com/esbuild-linux-riscv64/-/esbuild-linux-riscv64-0.15.16.tgz}
    name: esbuild-linux-riscv64
    version: 0.15.16
    engines: {node: '>=12'}
    cpu: [riscv64]
    os: [linux]
    requiresBuild: true
    dev: true
    optional: true

  registry.npmmirror.com/esbuild-linux-s390x/0.15.16:
    resolution: {integrity: sha512-VkZaGssvPDQtx4fvVdZ9czezmyWyzpQhEbSNsHZZN0BHvxRLOYAQ7sjay8nMQwYswP6O2KlZluRMNPYefFRs+w==, registry: http://registry.npm.taobao.org/, tarball: https://registry.npmmirror.com/esbuild-linux-s390x/-/esbuild-linux-s390x-0.15.16.tgz}
    name: esbuild-linux-s390x
    version: 0.15.16
    engines: {node: '>=12'}
    cpu: [s390x]
    os: [linux]
    requiresBuild: true
    dev: true
    optional: true

  registry.npmmirror.com/esbuild-netbsd-64/0.15.16:
    resolution: {integrity: sha512-ElQ9rhdY51et6MJTWrCPbqOd/YuPowD7Cxx3ee8wlmXQQVW7UvQI6nSprJ9uVFQISqSF5e5EWpwWqXZsECLvXg==, registry: http://registry.npm.taobao.org/, tarball: https://registry.npmmirror.com/esbuild-netbsd-64/-/esbuild-netbsd-64-0.15.16.tgz}
    name: esbuild-netbsd-64
    version: 0.15.16
    engines: {node: '>=12'}
    cpu: [x64]
    os: [netbsd]
    requiresBuild: true
    dev: true
    optional: true

  registry.npmmirror.com/esbuild-openbsd-64/0.15.16:
    resolution: {integrity: sha512-KgxMHyxMCT+NdLQE1zVJEsLSt2QQBAvJfmUGDmgEq8Fvjrf6vSKB00dVHUEDKcJwMID6CdgCpvYNt999tIYhqA==, registry: http://registry.npm.taobao.org/, tarball: https://registry.npmmirror.com/esbuild-openbsd-64/-/esbuild-openbsd-64-0.15.16.tgz}
    name: esbuild-openbsd-64
    version: 0.15.16
    engines: {node: '>=12'}
    cpu: [x64]
    os: [openbsd]
    requiresBuild: true
    dev: true
    optional: true

  registry.npmmirror.com/esbuild-sunos-64/0.15.16:
    resolution: {integrity: sha512-exSAx8Phj7QylXHlMfIyEfNrmqnLxFqLxdQF6MBHPdHAjT7fsKaX6XIJn+aQEFiOcE4X8e7VvdMCJ+WDZxjSRQ==, registry: http://registry.npm.taobao.org/, tarball: https://registry.npmmirror.com/esbuild-sunos-64/-/esbuild-sunos-64-0.15.16.tgz}
    name: esbuild-sunos-64
    version: 0.15.16
    engines: {node: '>=12'}
    cpu: [x64]
    os: [sunos]
    requiresBuild: true
    dev: true
    optional: true

  registry.npmmirror.com/esbuild-windows-32/0.15.16:
    resolution: {integrity: sha512-zQgWpY5pUCSTOwqKQ6/vOCJfRssTvxFuEkpB4f2VUGPBpdddZfdj8hbZuFRdZRPIVHvN7juGcpgCA/XCF37mAQ==, registry: http://registry.npm.taobao.org/, tarball: https://registry.npmmirror.com/esbuild-windows-32/-/esbuild-windows-32-0.15.16.tgz}
    name: esbuild-windows-32
    version: 0.15.16
    engines: {node: '>=12'}
    cpu: [ia32]
    os: [win32]
    requiresBuild: true
    dev: true
    optional: true

  registry.npmmirror.com/esbuild-windows-64/0.15.16:
    resolution: {integrity: sha512-HjW1hHRLSncnM3MBCP7iquatHVJq9l0S2xxsHHj4yzf4nm9TU4Z7k4NkeMlD/dHQ4jPlQQhwcMvwbJiOefSuZw==, registry: http://registry.npm.taobao.org/, tarball: https://registry.npmmirror.com/esbuild-windows-64/-/esbuild-windows-64-0.15.16.tgz}
    name: esbuild-windows-64
    version: 0.15.16
    engines: {node: '>=12'}
    cpu: [x64]
    os: [win32]
    requiresBuild: true
    dev: true
    optional: true

  registry.npmmirror.com/esbuild-windows-arm64/0.15.16:
    resolution: {integrity: sha512-oCcUKrJaMn04Vxy9Ekd8x23O8LoU01+4NOkQ2iBToKgnGj5eo1vU9i27NQZ9qC8NFZgnQQZg5oZWAejmbsppNA==, registry: http://registry.npm.taobao.org/, tarball: https://registry.npmmirror.com/esbuild-windows-arm64/-/esbuild-windows-arm64-0.15.16.tgz}
    name: esbuild-windows-arm64
    version: 0.15.16
    engines: {node: '>=12'}
    cpu: [arm64]
    os: [win32]
    requiresBuild: true
    dev: true
    optional: true

  registry.npmmirror.com/esbuild/0.15.16:
    resolution: {integrity: sha512-o6iS9zxdHrrojjlj6pNGC2NAg86ECZqIETswTM5KmJitq+R1YmahhWtMumeQp9lHqJaROGnsBi2RLawGnfo5ZQ==, registry: http://registry.npm.taobao.org/, tarball: https://registry.npmmirror.com/esbuild/-/esbuild-0.15.16.tgz}
    name: esbuild
    version: 0.15.16
    engines: {node: '>=12'}
    hasBin: true
    requiresBuild: true
    optionalDependencies:
      '@esbuild/android-arm': registry.npmmirror.com/@esbuild/android-arm/0.15.16
      '@esbuild/linux-loong64': registry.npmmirror.com/@esbuild/linux-loong64/0.15.16
      esbuild-android-64: registry.npmmirror.com/esbuild-android-64/0.15.16
      esbuild-android-arm64: registry.npmmirror.com/esbuild-android-arm64/0.15.16
      esbuild-darwin-64: registry.npmmirror.com/esbuild-darwin-64/0.15.16
      esbuild-darwin-arm64: registry.npmmirror.com/esbuild-darwin-arm64/0.15.16
      esbuild-freebsd-64: registry.npmmirror.com/esbuild-freebsd-64/0.15.16
      esbuild-freebsd-arm64: registry.npmmirror.com/esbuild-freebsd-arm64/0.15.16
      esbuild-linux-32: registry.npmmirror.com/esbuild-linux-32/0.15.16
      esbuild-linux-64: registry.npmmirror.com/esbuild-linux-64/0.15.16
      esbuild-linux-arm: registry.npmmirror.com/esbuild-linux-arm/0.15.16
      esbuild-linux-arm64: registry.npmmirror.com/esbuild-linux-arm64/0.15.16
      esbuild-linux-mips64le: registry.npmmirror.com/esbuild-linux-mips64le/0.15.16
      esbuild-linux-ppc64le: registry.npmmirror.com/esbuild-linux-ppc64le/0.15.16
      esbuild-linux-riscv64: registry.npmmirror.com/esbuild-linux-riscv64/0.15.16
      esbuild-linux-s390x: registry.npmmirror.com/esbuild-linux-s390x/0.15.16
      esbuild-netbsd-64: registry.npmmirror.com/esbuild-netbsd-64/0.15.16
      esbuild-openbsd-64: registry.npmmirror.com/esbuild-openbsd-64/0.15.16
      esbuild-sunos-64: registry.npmmirror.com/esbuild-sunos-64/0.15.16
      esbuild-windows-32: registry.npmmirror.com/esbuild-windows-32/0.15.16
      esbuild-windows-64: registry.npmmirror.com/esbuild-windows-64/0.15.16
      esbuild-windows-arm64: registry.npmmirror.com/esbuild-windows-arm64/0.15.16
    dev: true

  registry.npmmirror.com/escape-html/1.0.3:
    resolution: {integrity: sha512-NiSupZ4OeuGwr68lGIeym/ksIZMJodUGOSCZ/FSnTxcrekbvqrgdUxlJOMpijaKZVjAJrWrGs/6Jy8OMuyj9ow==, registry: http://registry.npm.taobao.org/, tarball: https://registry.npmmirror.com/escape-html/-/escape-html-1.0.3.tgz}
    name: escape-html
    version: 1.0.3
    dev: false

  registry.npmmirror.com/estree-walker/2.0.2:
    resolution: {integrity: sha512-Rfkk/Mp/DL7JVje3u18FxFujQlTNR2q6QfMSMB7AvCBx91NGj/ba3kCfza0f6dVDbw7YlRf/nDrn7pQrCCyQ/w==, registry: http://registry.npm.taobao.org/, tarball: https://registry.npmmirror.com/estree-walker/-/estree-walker-2.0.2.tgz}
    name: estree-walker
    version: 2.0.2

  registry.npmmirror.com/fsevents/2.3.2:
    resolution: {integrity: sha512-xiqMQR4xAeHTuB9uWm+fFRcIOgKBMiOBP+eXiyT7jsgVCq1bkVygt00oASowB7EdtpOHaaPgKt812P9ab+DDKA==, registry: http://registry.npm.taobao.org/, tarball: https://registry.npmmirror.com/fsevents/-/fsevents-2.3.2.tgz}
    name: fsevents
    version: 2.3.2
    engines: {node: ^8.16.0 || ^10.6.0 || >=11.0.0}
    os: [darwin]
    requiresBuild: true
    dev: true
    optional: true

  registry.npmmirror.com/function-bind/1.1.1:
    resolution: {integrity: sha512-yIovAzMX49sF8Yl58fSCWJ5svSLuaibPxXQJFLmBObTuCr0Mf1KiPopGM9NiFjiYBCbfaa2Fh6breQ6ANVTI0A==, registry: http://registry.npm.taobao.org/, tarball: https://registry.npmmirror.com/function-bind/-/function-bind-1.1.1.tgz}
    name: function-bind
    version: 1.1.1
    dev: true

  registry.npmmirror.com/has/1.0.3:
    resolution: {integrity: sha512-f2dvO0VU6Oej7RkWJGrehjbzMAjFp5/VKPp5tTpWIV4JHHZK1/BxbFRtf/siA2SWTe09caDmVtYYzWEIbBS4zw==, registry: http://registry.npm.taobao.org/, tarball: https://registry.npmmirror.com/has/-/has-1.0.3.tgz}
    name: has
    version: 1.0.3
    engines: {node: '>= 0.4.0'}
    dependencies:
      function-bind: registry.npmmirror.com/function-bind/1.1.1
    dev: true

  registry.npmmirror.com/he/1.2.0:
    resolution: {integrity: sha512-F/1DnUGPopORZi0ni+CvrCgHQ5FyEAHRLSApuYWMmrbSwoN2Mn/7k+Gl38gJnR7yyDZk6WLXwiGod1JOWNDKGw==, registry: http://registry.npm.taobao.org/, tarball: https://registry.npmmirror.com/he/-/he-1.2.0.tgz}
    name: he
    version: 1.2.0
    hasBin: true
    dev: true

  registry.npmmirror.com/is-core-module/2.11.0:
    resolution: {integrity: sha512-RRjxlvLDkD1YJwDbroBHMb+cukurkDWNyHx7D3oNB5x9rb5ogcksMC5wHCadcXoo67gVr/+3GFySh3134zi6rw==, registry: http://registry.npm.taobao.org/, tarball: https://registry.npmmirror.com/is-core-module/-/is-core-module-2.11.0.tgz}
    name: is-core-module
    version: 2.11.0
    dependencies:
      has: registry.npmmirror.com/has/1.0.3
    dev: true

  registry.npmmirror.com/lodash-es/4.17.21:
    resolution: {integrity: sha512-mKnC+QJ9pWVzv+C4/U3rRsHapFfHvQFoFB92e52xeyGMcX6/OlIl78je1u8vePzYZSkkogMPJ2yjxxsb89cxyw==, registry: http://registry.npm.taobao.org/, tarball: https://registry.npmmirror.com/lodash-es/-/lodash-es-4.17.21.tgz}
    name: lodash-es
    version: 4.17.21
    dev: false

  registry.npmmirror.com/lodash-unified/1.0.3_3ib2ivapxullxkx3xftsimdk7u:
    resolution: {integrity: sha512-WK9qSozxXOD7ZJQlpSqOT+om2ZfcT4yO+03FuzAHD0wF6S0l0090LRPDx3vhTTLZ8cFKpBn+IOcVXK6qOcIlfQ==, registry: http://registry.npm.taobao.org/, tarball: https://registry.npmmirror.com/lodash-unified/-/lodash-unified-1.0.3.tgz}
    id: registry.npmmirror.com/lodash-unified/1.0.3
    name: lodash-unified
    version: 1.0.3
    peerDependencies:
      '@types/lodash-es': '*'
      lodash: '*'
      lodash-es: '*'
    dependencies:
      '@types/lodash-es': registry.npmmirror.com/@types/lodash-es/4.17.6
      lodash: registry.npmmirror.com/lodash/4.17.21
      lodash-es: registry.npmmirror.com/lodash-es/4.17.21
    dev: false

  registry.npmmirror.com/lodash/4.17.21:
    resolution: {integrity: sha512-v2kDEe57lecTulaDIuNTPy3Ry4gLGJ6Z1O3vE1krgXZNrsQ+LFTGHVxVjcXPs17LhbZVGedAJv8XZ1tvj5FvSg==, registry: http://registry.npm.taobao.org/, tarball: https://registry.npmmirror.com/lodash/-/lodash-4.17.21.tgz}
    name: lodash
    version: 4.17.21
    dev: false

  registry.npmmirror.com/magic-string/0.25.9:
    resolution: {integrity: sha512-RmF0AsMzgt25qzqqLc1+MbHmhdx0ojF2Fvs4XnOqz2ZOBXzzkEwc/dJQZCYHAn7v1jbVOjAZfK8msRn4BxO4VQ==, registry: http://registry.npm.taobao.org/, tarball: https://registry.npmmirror.com/magic-string/-/magic-string-0.25.9.tgz}
    name: magic-string
    version: 0.25.9
    dependencies:
      sourcemap-codec: registry.npmmirror.com/sourcemap-codec/1.4.8

  registry.npmmirror.com/memoize-one/6.0.0:
    resolution: {integrity: sha512-rkpe71W0N0c0Xz6QD0eJETuWAJGnJ9afsl1srmwPrI+yBCkge5EycXXbYRyvL29zZVUWQCY7InPRCv3GDXuZNw==, registry: http://registry.npm.taobao.org/, tarball: https://registry.npmmirror.com/memoize-one/-/memoize-one-6.0.0.tgz}
    name: memoize-one
    version: 6.0.0
    dev: false

  registry.npmmirror.com/minimatch/5.1.1:
    resolution: {integrity: sha512-362NP+zlprccbEt/SkxKfRMHnNY85V74mVnpUpNyr3F35covl09Kec7/sEFLt3RA4oXmewtoaanoIf67SE5Y5g==, registry: http://registry.npm.taobao.org/, tarball: https://registry.npmmirror.com/minimatch/-/minimatch-5.1.1.tgz}
    name: minimatch
    version: 5.1.1
    engines: {node: '>=10'}
    dependencies:
      brace-expansion: registry.npmmirror.com/brace-expansion/2.0.1
    dev: true

  registry.npmmirror.com/muggle-string/0.1.0:
    resolution: {integrity: sha512-Tr1knR3d2mKvvWthlk7202rywKbiOm4rVFLsfAaSIhJ6dt9o47W4S+JMtWhd/PW9Wrdew2/S2fSvhz3E2gkfEg==, registry: http://registry.npm.taobao.org/, tarball: https://registry.npmmirror.com/muggle-string/-/muggle-string-0.1.0.tgz}
    name: muggle-string
    version: 0.1.0
    dev: true

  registry.npmmirror.com/nanoid/3.3.4:
    resolution: {integrity: sha512-MqBkQh/OHTS2egovRtLk45wEyNXwF+cokD+1YPf9u5VfJiRdAiRwB2froX5Co9Rh20xs4siNPm8naNotSD6RBw==, registry: http://registry.npm.taobao.org/, tarball: https://registry.npmmirror.com/nanoid/-/nanoid-3.3.4.tgz}
    name: nanoid
    version: 3.3.4
    engines: {node: ^10 || ^12 || ^13.7 || ^14 || >=15.0.1}
    hasBin: true

  registry.npmmirror.com/normalize-wheel-es/1.2.0:
    resolution: {integrity: sha512-Wj7+EJQ8mSuXr2iWfnujrimU35R2W4FAErEyTmJoJ7ucwTn2hOUSsRehMb5RSYkxXGTM7Y9QpvPmp++w5ftoJw==, registry: http://registry.npm.taobao.org/, tarball: https://registry.npmmirror.com/normalize-wheel-es/-/normalize-wheel-es-1.2.0.tgz}
    name: normalize-wheel-es
    version: 1.2.0
    dev: false

  registry.npmmirror.com/path-parse/1.0.7:
    resolution: {integrity: sha512-LDJzPVEEEPR+y48z93A0Ed0yXb8pAByGWo/k5YYdYgpY2/2EsOsksJrq7lOHxryrVOn1ejG6oAp8ahvOIQD8sw==, registry: http://registry.npm.taobao.org/, tarball: https://registry.npmmirror.com/path-parse/-/path-parse-1.0.7.tgz}
    name: path-parse
    version: 1.0.7
    dev: true

  registry.npmmirror.com/picocolors/1.0.0:
    resolution: {integrity: sha512-1fygroTLlHu66zi26VoTDv8yRgm0Fccecssto+MhsZ0D/DGW2sm8E8AjW7NU5VVTRt5GxbeZ5qBuJr+HyLYkjQ==, registry: http://registry.npm.taobao.org/, tarball: https://registry.npmmirror.com/picocolors/-/picocolors-1.0.0.tgz}
    name: picocolors
    version: 1.0.0

  registry.npmmirror.com/postcss/8.4.19:
    resolution: {integrity: sha512-h+pbPsyhlYj6N2ozBmHhHrs9DzGmbaarbLvWipMRO7RLS+v4onj26MPFXA5OBYFxyqYhUJK456SwDcY9H2/zsA==, registry: http://registry.npm.taobao.org/, tarball: https://registry.npmmirror.com/postcss/-/postcss-8.4.19.tgz}
    name: postcss
    version: 8.4.19
    engines: {node: ^10 || ^12 || >=14}
    dependencies:
      nanoid: registry.npmmirror.com/nanoid/3.3.4
      picocolors: registry.npmmirror.com/picocolors/1.0.0
      source-map-js: registry.npmmirror.com/source-map-js/1.0.2

  registry.npmmirror.com/resolve/1.22.1:
    resolution: {integrity: sha512-nBpuuYuY5jFsli/JIs1oldw6fOQCBioohqWZg/2hiaOybXOft4lonv85uDOKXdf8rhyK159cxU5cDcK/NKk8zw==, registry: http://registry.npm.taobao.org/, tarball: https://registry.npmmirror.com/resolve/-/resolve-1.22.1.tgz}
    name: resolve
    version: 1.22.1
    hasBin: true
    dependencies:
      is-core-module: registry.npmmirror.com/is-core-module/2.11.0
      path-parse: registry.npmmirror.com/path-parse/1.0.7
      supports-preserve-symlinks-flag: registry.npmmirror.com/supports-preserve-symlinks-flag/1.0.0
    dev: true

  registry.npmmirror.com/rollup/2.79.1:
    resolution: {integrity: sha512-uKxbd0IhMZOhjAiD5oAFp7BqvkA4Dv47qpOCtaNvng4HBwdbWtdOh8f5nZNuk2rp51PMGk3bzfWu5oayNEuYnw==, registry: http://registry.npm.taobao.org/, tarball: https://registry.npmmirror.com/rollup/-/rollup-2.79.1.tgz}
    name: rollup
    version: 2.79.1
    engines: {node: '>=10.0.0'}
    hasBin: true
    optionalDependencies:
      fsevents: registry.npmmirror.com/fsevents/2.3.2
    dev: true

  registry.npmmirror.com/source-map-js/1.0.2:
    resolution: {integrity: sha512-R0XvVJ9WusLiqTCEiGCmICCMplcCkIwwR11mOSD9CR5u+IXYdiseeEuXCVAjS54zqwkLcPNnmU4OeJ6tUrWhDw==, registry: http://registry.npm.taobao.org/, tarball: https://registry.npmmirror.com/source-map-js/-/source-map-js-1.0.2.tgz}
    name: source-map-js
    version: 1.0.2
    engines: {node: '>=0.10.0'}

  registry.npmmirror.com/source-map/0.6.1:
    resolution: {integrity: sha512-UjgapumWlbMhkBgzT7Ykc5YXUT46F0iKu8SGXq0bcwP5dz/h0Plj6enJqjz1Zbq2l5WaqYnrVbwWOWMyF3F47g==, registry: http://registry.npm.taobao.org/, tarball: https://registry.npmmirror.com/source-map/-/source-map-0.6.1.tgz}
    name: source-map
    version: 0.6.1
    engines: {node: '>=0.10.0'}

  registry.npmmirror.com/sourcemap-codec/1.4.8:
    resolution: {integrity: sha512-9NykojV5Uih4lgo5So5dtw+f0JgJX30KCNI8gwhz2J9A15wD0Ml6tjHKwf6fTSa6fAdVBdZeNOs9eJ71qCk8vA==, registry: http://registry.npm.taobao.org/, tarball: https://registry.npmmirror.com/sourcemap-codec/-/sourcemap-codec-1.4.8.tgz}
    name: sourcemap-codec
    version: 1.4.8

  registry.npmmirror.com/supports-preserve-symlinks-flag/1.0.0:
    resolution: {integrity: sha512-ot0WnXS9fgdkgIcePe6RHNk1WA8+muPa6cSjeR3V8K27q9BB1rTE3R1p7Hv0z1ZyAc8s6Vvv8DIyWf681MAt0w==, registry: http://registry.npm.taobao.org/, tarball: https://registry.npmmirror.com/supports-preserve-symlinks-flag/-/supports-preserve-symlinks-flag-1.0.0.tgz}
    name: supports-preserve-symlinks-flag
    version: 1.0.0
    engines: {node: '>= 0.4'}
    dev: true

  registry.npmmirror.com/to-fast-properties/2.0.0:
    resolution: {integrity: sha512-/OaKK0xYrs3DmxRYqL/yDc+FxFUVYhDlXMhRmv3z915w2HF1tnN1omB354j8VUGO/hbRzyD6Y3sA7v7GS/ceog==, registry: http://registry.npm.taobao.org/, tarball: https://registry.npmmirror.com/to-fast-properties/-/to-fast-properties-2.0.0.tgz}
    name: to-fast-properties
    version: 2.0.0
    engines: {node: '>=4'}

  registry.npmmirror.com/typescript/4.9.3:
    resolution: {integrity: sha512-CIfGzTelbKNEnLpLdGFgdyKhG23CKdKgQPOBc+OUNrkJ2vr+KSzsSV5kq5iWhEQbok+quxgGzrAtGWCyU7tHnA==, registry: http://registry.npm.taobao.org/, tarball: https://registry.npmmirror.com/typescript/-/typescript-4.9.3.tgz}
    name: typescript
    version: 4.9.3
    engines: {node: '>=4.2.0'}
    hasBin: true
    dev: true

  registry.npmmirror.com/vite/3.2.4:
    resolution: {integrity: sha512-Z2X6SRAffOUYTa+sLy3NQ7nlHFU100xwanq1WDwqaiFiCe+25zdxP1TfCS5ojPV2oDDcXudHIoPnI1Z/66B7Yw==, registry: http://registry.npm.taobao.org/, tarball: https://registry.npmmirror.com/vite/-/vite-3.2.4.tgz}
    name: vite
    version: 3.2.4
    engines: {node: ^14.18.0 || >=16.0.0}
    hasBin: true
    peerDependencies:
      '@types/node': '>= 14'
      less: '*'
      sass: '*'
      stylus: '*'
      sugarss: '*'
      terser: ^5.4.0
    peerDependenciesMeta:
      '@types/node':
        optional: true
      less:
        optional: true
      sass:
        optional: true
      stylus:
        optional: true
      sugarss:
        optional: true
      terser:
        optional: true
    dependencies:
      esbuild: registry.npmmirror.com/esbuild/0.15.16
      postcss: registry.npmmirror.com/postcss/8.4.19
      resolve: registry.npmmirror.com/resolve/1.22.1
      rollup: registry.npmmirror.com/rollup/2.79.1
    optionalDependencies:
      fsevents: registry.npmmirror.com/fsevents/2.3.2
    dev: true

  registry.npmmirror.com/vue-demi/0.13.11_vue@3.2.45:
    resolution: {integrity: sha512-IR8HoEEGM65YY3ZJYAjMlKygDQn25D5ajNFNoKh9RSDMQtlzCxtfQjdQgv9jjK+m3377SsJXY8ysq8kLCZL25A==, registry: http://registry.npm.taobao.org/, tarball: https://registry.npmmirror.com/vue-demi/-/vue-demi-0.13.11.tgz}
    id: registry.npmmirror.com/vue-demi/0.13.11
    name: vue-demi
    version: 0.13.11
    engines: {node: '>=12'}
    hasBin: true
    requiresBuild: true
    peerDependencies:
      '@vue/composition-api': ^1.0.0-rc.1
      vue: ^3.0.0-0 || ^2.6.0
    peerDependenciesMeta:
      '@vue/composition-api':
        optional: true
    dependencies:
      vue: registry.npmmirror.com/vue/3.2.45
    dev: false

  registry.npmmirror.com/vue-template-compiler/2.7.14:
    resolution: {integrity: sha512-zyA5Y3ArvVG0NacJDkkzJuPQDF8RFeRlzV2vLeSnhSpieO6LK2OVbdLPi5MPPs09Ii+gMO8nY4S3iKQxBxDmWQ==, registry: http://registry.npm.taobao.org/, tarball: https://registry.npmmirror.com/vue-template-compiler/-/vue-template-compiler-2.7.14.tgz}
    name: vue-template-compiler
    version: 2.7.14
    dependencies:
      de-indent: registry.npmmirror.com/de-indent/1.0.2
      he: registry.npmmirror.com/he/1.2.0
    dev: true

  registry.npmmirror.com/vue-tsc/1.0.10_typescript@4.9.3:
    resolution: {integrity: sha512-o6ek6ZSDwpVWn7/ZXlIILfCZ18o7ypEYKMDynsyPj9m10/ALXkCLKIj9yVfx00QAX5Z/hKrdhYcA2ZaQ0+U7Kg==, registry: http://registry.npm.taobao.org/, tarball: https://registry.npmmirror.com/vue-tsc/-/vue-tsc-1.0.10.tgz}
    id: registry.npmmirror.com/vue-tsc/1.0.10
    name: vue-tsc
    version: 1.0.10
    hasBin: true
    peerDependencies:
      typescript: '*'
    dependencies:
      '@volar/vue-language-core': registry.npmmirror.com/@volar/vue-language-core/1.0.10
      '@volar/vue-typescript': registry.npmmirror.com/@volar/vue-typescript/1.0.10
      typescript: registry.npmmirror.com/typescript/4.9.3
    dev: true

  registry.npmmirror.com/vue/3.2.45:
    resolution: {integrity: sha512-9Nx/Mg2b2xWlXykmCwiTUCWHbWIj53bnkizBxKai1g61f2Xit700A1ljowpTIM11e3uipOeiPcSqnmBg6gyiaA==, registry: http://registry.npm.taobao.org/, tarball: https://registry.npmmirror.com/vue/-/vue-3.2.45.tgz}
    name: vue
    version: 3.2.45
    dependencies:
      '@vue/compiler-dom': registry.npmmirror.com/@vue/compiler-dom/3.2.45
      '@vue/compiler-sfc': registry.npmmirror.com/@vue/compiler-sfc/3.2.45
      '@vue/runtime-dom': registry.npmmirror.com/@vue/runtime-dom/3.2.45
      '@vue/server-renderer': registry.npmmirror.com/@vue/server-renderer/3.2.45_vue@3.2.45
      '@vue/shared': registry.npmmirror.com/@vue/shared/3.2.45
